
Microsoft Visual Studio Solution File, Format Version 12.00
# Visual Studio Version 17
VisualStudioVersion = 17.5.002.0
MinimumVisualStudioVersion = 10.0.40219.1
Project("{9A19103F-16F7-4668-BE54-9A1E7A4F7556}") = "MvcMovie", "MvcMovie.csproj", "{DA3930FD-B301-4FCA-9212-7C35D20DC0EB}"
EndProject
Global
	GlobalSection(SolutionConfigurationPlatforms) = preSolution
		Debug|Any CPU = Debug|Any CPU
		Release|Any CPU = Release|Any CPU
	EndGlobalSection
	GlobalSection(ProjectConfigurationPlatforms) = postSolution
		{DA3930FD-B301-4FCA-9212-7C35D20DC0EB}.Debug|Any CPU.ActiveCfg = Debug|Any CPU
		{DA3930FD-B301-4FCA-9212-7C35D20DC0EB}.Debug|Any CPU.Build.0 = Debug|Any CPU
		{DA3930FD-B301-4FCA-9212-7C35D20DC0EB}.Release|Any CPU.ActiveCfg = Release|Any CPU
		{DA3930FD-B301-4FCA-9212-7C35D20DC0EB}.Release|Any CPU.Build.0 = Release|Any CPU
	EndGlobalSection
	GlobalSection(SolutionProperties) = preSolution
		HideSolutionNode = FALSE
	EndGlobalSection
	GlobalSection(ExtensibilityGlobals) = postSolution
		SolutionGuid = {282CFFF8-3A67-45E4-8A75-B8D1CA824B8C}
	EndGlobalSection
EndGlobal
